
Microsoft Visual Studio Solution File, Format Version 12.00
# Visual Studio Version 17
VisualStudioVersion = 17.4.33403.182
MinimumVisualStudioVersion = 10.0.40219.1
Project("{FAE04EC0-301F-11D3-BF4B-00C04F79EFBC}") = "MyTasks", "MyTasks.csproj", "{C8B91B13-9DD9-4931-84A8-55AF9C307839}"
EndProject
Global
	GlobalSection(SolutionConfigurationPlatforms) = preSolution
		Debug|Any CPU = Debug|Any CPU
		Release|Any CPU = Release|Any CPU
	EndGlobalSection
	GlobalSection(ProjectConfigurationPlatforms) = postSolution
		{C8B91B13-9DD9-4931-84A8-55AF9C307839}.Debug|Any CPU.ActiveCfg = Debug|Any CPU
		{C8B91B13-9DD9-4931-84A8-55AF9C307839}.Debug|Any CPU.Build.0 = Debug|Any CPU
		{C8B91B13-9DD9-4931-84A8-55AF9C307839}.Release|Any CPU.ActiveCfg = Release|Any CPU
		{C8B91B13-9DD9-4931-84A8-55AF9C307839}.Release|Any CPU.Build.0 = Release|Any CPU
	EndGlobalSection
	GlobalSection(SolutionProperties) = preSolution
		HideSolutionNode = FALSE
	EndGlobalSection
	GlobalSection(ExtensibilityGlobals) = postSolution
		SolutionGuid = {263DE10E-895D-41B6-B5C4-6D30F899F2FB}
	EndGlobalSection
EndGlobal
